
Microsoft Visual Studio Solution File, Format Version 12.00
# Visual Studio Version 16
VisualStudioVersion = 16.0.29326.143
MinimumVisualStudioVersion = 10.0.40219.1
Project("{FAE04EC0-301F-11D3-BF4B-00C04F79EFBC}") = "SportsStore", "SportsStore\SportsStore.csproj", "{A9FA19F6-B193-47A9-BF07-A7EB69EA3889}"
EndProject
Project("{FAE04EC0-301F-11D3-BF4B-00C04F79EFBC}") = "SportsStore.Tests", "SportsStore.Tests\SportsStore.Tests.csproj", "{09402D20-E5B7-4408-8FBA-5E7D5BD70658}"
EndProject
Global
	GlobalSection(SolutionConfigurationPlatforms) = preSolution
		Debug|Any CPU = Debug|Any CPU
		Release|Any CPU = Release|Any CPU
	EndGlobalSection
	GlobalSection(ProjectConfigurationPlatforms) = postSolution
		{A9FA19F6-B193-47A9-BF07-A7EB69EA3889}.Debug|Any CPU.ActiveCfg = Debug|Any CPU
		{A9FA19F6-B193-47A9-BF07-A7EB69EA3889}.Debug|Any CPU.Build.0 = Debug|Any CPU
		{A9FA19F6-B193-47A9-BF07-A7EB69EA3889}.Release|Any CPU.ActiveCfg = Release|Any CPU
		{A9FA19F6-B193-47A9-BF07-A7EB69EA3889}.Release|Any CPU.Build.0 = Release|Any CPU
		{09402D20-E5B7-4408-8FBA-5E7D5BD70658}.Debug|Any CPU.ActiveCfg = Debug|Any CPU
		{09402D20-E5B7-4408-8FBA-5E7D5BD70658}.Debug|Any CPU.Build.0 = Debug|Any CPU
		{09402D20-E5B7-4408-8FBA-5E7D5BD70658}.Release|Any CPU.ActiveCfg = Release|Any CPU
		{09402D20-E5B7-4408-8FBA-5E7D5BD70658}.Release|Any CPU.Build.0 = Release|Any CPU
	EndGlobalSection
	GlobalSection(SolutionProperties) = preSolution
		HideSolutionNode = FALSE
	EndGlobalSection
	GlobalSection(ExtensibilityGlobals) = postSolution
		SolutionGuid = {1F8520EE-7AA6-4273-93F4-EB7944DE7ED6}
	EndGlobalSection
EndGlobal
